
Microsoft Visual Studio Solution File, Format Version 12.00
# Visual Studio 15
VisualStudioVersion = 15.0.26228.9
MinimumVisualStudioVersion = 10.0.40219.1
Project("{FAE04EC0-301F-11D3-BF4B-00C04F79EFBC}") = "PasswordReminder.Android", "PasswordReminder\PasswordReminder.Android\PasswordReminder.Android.csproj", "{EAA50150-2909-4E43-8870-40FDCAA23B72}"
EndProject
Project("{FAE04EC0-301F-11D3-BF4B-00C04F79EFBC}") = "PasswordReminder", "PasswordReminder\PasswordReminder\PasswordReminder.csproj", "{0ADCDBCC-ABD7-482A-92AC-9EAC34919011}"
EndProject
Project("{FAE04EC0-301F-11D3-BF4B-00C04F79EFBC}") = "PasswordReminder.iOS", "PasswordReminder\PasswordReminder.iOS\PasswordReminder.iOS.csproj", "{D3CC889B-0C20-4177-BBD6-06C8C5D4B221}"
EndProject
Global
	GlobalSection(SolutionConfigurationPlatforms) = preSolution
		Ad-Hoc|Any CPU = Ad-Hoc|Any CPU
		Ad-Hoc|iPhone = Ad-Hoc|iPhone
		Ad-Hoc|iPhoneSimulator = Ad-Hoc|iPhoneSimulator
		AppStore|Any CPU = AppStore|Any CPU
		AppStore|iPhone = AppStore|iPhone
		AppStore|iPhoneSimulator = AppStore|iPhoneSimulator
		Debug|Any CPU = Debug|Any CPU
		Debug|iPhone = Debug|iPhone
		Debug|iPhoneSimulator = Debug|iPhoneSimulator
		Release|Any CPU = Release|Any CPU
		Release|iPhone = Release|iPhone
		Release|iPhoneSimulator = Release|iPhoneSimulator
	EndGlobalSection
	GlobalSection(ProjectConfigurationPlatforms) = postSolution
		{EAA50150-2909-4E43-8870-40FDCAA23B72}.Ad-Hoc|Any CPU.ActiveCfg = Release|Any CPU
		{EAA50150-2909-4E43-8870-40FDCAA23B72}.Ad-Hoc|Any CPU.Build.0 = Release|Any CPU
		{EAA50150-2909-4E43-8870-40FDCAA23B72}.Ad-Hoc|Any CPU.Deploy.0 = Release|Any CPU
		{EAA50150-2909-4E43-8870-40FDCAA23B72}.Ad-Hoc|iPhone.ActiveCfg = Release|Any CPU
		{EAA50150-2909-4E43-8870-40FDCAA23B72}.Ad-Hoc|iPhone.Build.0 = Release|Any CPU
		{EAA50150-2909-4E43-8870-40FDCAA23B72}.Ad-Hoc|iPhone.Deploy.0 = Release|Any CPU
		{EAA50150-2909-4E43-8870-40FDCAA23B72}.Ad-Hoc|iPhoneSimulator.ActiveCfg = Release|Any CPU
		{EAA50150-2909-4E43-8870-40FDCAA23B72}.Ad-Hoc|iPhoneSimulator.Build.0 = Release|Any CPU
		{EAA50150-2909-4E43-8870-40FDCAA23B72}.Ad-Hoc|iPhoneSimulator.Deploy.0 = Release|Any CPU
		{EAA50150-2909-4E43-8870-40FDCAA23B72}.AppStore|Any CPU.ActiveCfg = Release|Any CPU
		{EAA50150-2909-4E43-8870-40FDCAA23B72}.AppStore|Any CPU.Build.0 = Release|Any CPU
		{EAA50150-2909-4E43-8870-40FDCAA23B72}.AppStore|Any CPU.Deploy.0 = Release|Any CPU
		{EAA50150-2909-4E43-8870-40FDCAA23B72}.AppStore|iPhone.ActiveCfg = Release|Any CPU
		{EAA50150-2909-4E43-8870-40FDCAA23B72}.AppStore|iPhone.Build.0 = Release|Any CPU
		{EAA50150-2909-4E43-8870-40FDCAA23B72}.AppStore|iPhone.Deploy.0 = Release|Any CPU
		{EAA50150-2909-4E43-8870-40FDCAA23B72}.AppStore|iPhoneSimulator.ActiveCfg = Release|Any CPU
		{EAA50150-2909-4E43-8870-40FDCAA23B72}.AppStore|iPhoneSimulator.Build.0 = Release|Any CPU
		{EAA50150-2909-4E43-8870-40FDCAA23B72}.AppStore|iPhoneSimulator.Deploy.0 = Release|Any CPU
		{EAA50150-2909-4E43-8870-40FDCAA23B72}.Debug|Any CPU.ActiveCfg = Debug|Any CPU
		{EAA50150-2909-4E43-8870-40FDCAA23B72}.Debug|Any CPU.Build.0 = Debug|Any CPU
		{EAA50150-2909-4E43-8870-40FDCAA23B72}.Debug|Any CPU.Deploy.0 = Debug|Any CPU
		{EAA50150-2909-4E43-8870-40FDCAA23B72}.Debug|iPhone.ActiveCfg = Debug|Any CPU
		{EAA50150-2909-4E43-8870-40FDCAA23B72}.Debug|iPhone.Build.0 = Debug|Any CPU
		{EAA50150-2909-4E43-8870-40FDCAA23B72}.Debug|iPhone.Deploy.0 = Debug|Any CPU
		{EAA50150-2909-4E43-8870-40FDCAA23B72}.Debug|iPhoneSimulator.ActiveCfg = Debug|Any CPU
		{EAA50150-2909-4E43-8870-40FDCAA23B72}.Debug|iPhoneSimulator.Build.0 = Debug|Any CPU
		{EAA50150-2909-4E43-8870-40FDCAA23B72}.Debug|iPhoneSimulator.Deploy.0 = Debug|Any CPU
		{EAA50150-2909-4E43-8870-40FDCAA23B72}.Release|Any CPU.ActiveCfg = Release|Any CPU
		{EAA50150-2909-4E43-8870-40FDCAA23B72}.Release|Any CPU.Build.0 = Release|Any CPU
		{EAA50150-2909-4E43-8870-40FDCAA23B72}.Release|Any CPU.Deploy.0 = Release|Any CPU
		{EAA50150-2909-4E43-8870-40FDCAA23B72}.Release|iPhone.ActiveCfg = Release|Any CPU
		{EAA50150-2909-4E43-8870-40FDCAA23B72}.Release|iPhone.Build.0 = Release|Any CPU
		{EAA50150-2909-4E43-8870-40FDCAA23B72}.Release|iPhone.Deploy.0 = Release|Any CPU
		{EAA50150-2909-4E43-8870-40FDCAA23B72}.Release|iPhoneSimulator.ActiveCfg = Release|Any CPU
		{EAA50150-2909-4E43-8870-40FDCAA23B72}.Release|iPhoneSimulator.Build.0 = Release|Any CPU
		{EAA50150-2909-4E43-8870-40FDCAA23B72}.Release|iPhoneSimulator.Deploy.0 = Release|Any CPU
		{0ADCDBCC-ABD7-482A-92AC-9EAC34919011}.Ad-Hoc|Any CPU.ActiveCfg = Release|Any CPU
		{0ADCDBCC-ABD7-482A-92AC-9EAC34919011}.Ad-Hoc|Any CPU.Build.0 = Release|Any CPU
		{0ADCDBCC-ABD7-482A-92AC-9EAC34919011}.Ad-Hoc|iPhone.ActiveCfg = Release|Any CPU
		{0ADCDBCC-ABD7-482A-92AC-9EAC34919011}.Ad-Hoc|iPhone.Build.0 = Release|Any CPU
		{0ADCDBCC-ABD7-482A-92AC-9EAC34919011}.Ad-Hoc|iPhoneSimulator.ActiveCfg = Release|Any CPU
		{0ADCDBCC-ABD7-482A-92AC-9EAC34919011}.Ad-Hoc|iPhoneSimulator.Build.0 = Release|Any CPU
		{0ADCDBCC-ABD7-482A-92AC-9EAC34919011}.AppStore|Any CPU.ActiveCfg = Release|Any CPU
		{0ADCDBCC-ABD7-482A-92AC-9EAC34919011}.AppStore|Any CPU.Build.0 = Release|Any CPU
		{0ADCDBCC-ABD7-482A-92AC-9EAC34919011}.AppStore|iPhone.ActiveCfg = Release|Any CPU
		{0ADCDBCC-ABD7-482A-92AC-9EAC34919011}.AppStore|iPhone.Build.0 = Release|Any CPU
		{0ADCDBCC-ABD7-482A-92AC-9EAC34919011}.AppStore|iPhoneSimulator.ActiveCfg = Release|Any CPU
		{0ADCDBCC-ABD7-482A-92AC-9EAC34919011}.AppStore|iPhoneSimulator.Build.0 = Release|Any CPU
		{0ADCDBCC-ABD7-482A-92AC-9EAC34919011}.Debug|Any CPU.ActiveCfg = Debug|Any CPU
		{0ADCDBCC-ABD7-482A-92AC-9EAC34919011}.Debug|Any CPU.Build.0 = Debug|Any CPU
		{0ADCDBCC-ABD7-482A-92AC-9EAC34919011}.Debug|iPhone.ActiveCfg = Debug|Any CPU
		{0ADCDBCC-ABD7-482A-92AC-9EAC34919011}.Debug|iPhone.Build.0 = Debug|Any CPU
		{0ADCDBCC-ABD7-482A-92AC-9EAC34919011}.Debug|iPhoneSimulator.ActiveCfg = Debug|Any CPU
		{0ADCDBCC-ABD7-482A-92AC-9EAC34919011}.Debug|iPhoneSimulator.Build.0 = Debug|Any CPU
		{0ADCDBCC-ABD7-482A-92AC-9EAC34919011}.Release|Any CPU.ActiveCfg = Release|Any CPU
		{0ADCDBCC-ABD7-482A-92AC-9EAC34919011}.Release|Any CPU.Build.0 = Release|Any CPU
		{0ADCDBCC-ABD7-482A-92AC-9EAC34919011}.Release|iPhone.ActiveCfg = Release|Any CPU
		{0ADCDBCC-ABD7-482A-92AC-9EAC34919011}.Release|iPhone.Build.0 = Release|Any CPU
		{0ADCDBCC-ABD7-482A-92AC-9EAC34919011}.Release|iPhoneSimulator.ActiveCfg = Release|Any CPU
		{0ADCDBCC-ABD7-482A-92AC-9EAC34919011}.Release|iPhoneSimulator.Build.0 = Release|Any CPU
		{D3CC889B-0C20-4177-BBD6-06C8C5D4B221}.Ad-Hoc|Any CPU.ActiveCfg = Ad-Hoc|iPhone
		{D3CC889B-0C20-4177-BBD6-06C8C5D4B221}.Ad-Hoc|iPhone.ActiveCfg = Ad-Hoc|iPhone
		{D3CC889B-0C20-4177-BBD6-06C8C5D4B221}.Ad-Hoc|iPhone.Build.0 = Ad-Hoc|iPhone
		{D3CC889B-0C20-4177-BBD6-06C8C5D4B221}.Ad-Hoc|iPhoneSimulator.ActiveCfg = Ad-Hoc|iPhoneSimulator
		{D3CC889B-0C20-4177-BBD6-06C8C5D4B221}.Ad-Hoc|iPhoneSimulator.Build.0 = Ad-Hoc|iPhoneSimulator
		{D3CC889B-0C20-4177-BBD6-06C8C5D4B221}.AppStore|Any CPU.ActiveCfg = AppStore|iPhone
		{D3CC889B-0C20-4177-BBD6-06C8C5D4B221}.AppStore|iPhone.ActiveCfg = AppStore|iPhone
		{D3CC889B-0C20-4177-BBD6-06C8C5D4B221}.AppStore|iPhone.Build.0 = AppStore|iPhone
		{D3CC889B-0C20-4177-BBD6-06C8C5D4B221}.AppStore|iPhoneSimulator.ActiveCfg = AppStore|iPhoneSimulator
		{D3CC889B-0C20-4177-BBD6-06C8C5D4B221}.AppStore|iPhoneSimulator.Build.0 = AppStore|iPhoneSimulator
		{D3CC889B-0C20-4177-BBD6-06C8C5D4B221}.Debug|Any CPU.ActiveCfg = Debug|iPhone
		{D3CC889B-0C20-4177-BBD6-06C8C5D4B221}.Debug|iPhone.ActiveCfg = Debug|iPhone
		{D3CC889B-0C20-4177-BBD6-06C8C5D4B221}.Debug|iPhone.Build.0 = Debug|iPhone
		{D3CC889B-0C20-4177-BBD6-06C8C5D4B221}.Debug|iPhoneSimulator.ActiveCfg = Debug|iPhoneSimulator
		{D3CC889B-0C20-4177-BBD6-06C8C5D4B221}.Debug|iPhoneSimulator.Build.0 = Debug|iPhoneSimulator
		{D3CC889B-0C20-4177-BBD6-06C8C5D4B221}.Release|Any CPU.ActiveCfg = Release|iPhone
		{D3CC889B-0C20-4177-BBD6-06C8C5D4B221}.Release|iPhone.ActiveCfg = Release|iPhone
		{D3CC889B-0C20-4177-BBD6-06C8C5D4B221}.Release|iPhone.Build.0 = Release|iPhone
		{D3CC889B-0C20-4177-BBD6-06C8C5D4B221}.Release|iPhoneSimulator.ActiveCfg = Release|iPhoneSimulator
		{D3CC889B-0C20-4177-BBD6-06C8C5D4B221}.Release|iPhoneSimulator.Build.0 = Release|iPhoneSimulator
	EndGlobalSection
	GlobalSection(SolutionProperties) = preSolution
		HideSolutionNode = FALSE
	EndGlobalSection
EndGlobal
